
Microsoft Visual Studio Solution File, Format Version 12.00
Project("{FAE04EC0-301F-11D3-BF4B-00C04F79EFBC}") = "DCW.Web", "DCW.Web\DCW.Web.csproj", "{6B3DB796-5533-4644-91C8-1648C26AD197}"
EndProject
Project("{FAE04EC0-301F-11D3-BF4B-00C04F79EFBC}") = "DCW.Shared", "DCW.Shared\DCW.Shared.csproj", "{96E9342E-71B8-42DB-8756-9CEA06E836FC}"
EndProject
Project("{FAE04EC0-301F-11D3-BF4B-00C04F79EFBC}") = "DCW.Models", "DCW.Models\DCW.Models.csproj", "{C65D4D5F-B5A3-4DF5-9FE3-13588865FC53}"
EndProject
Project("{FAE04EC0-301F-11D3-BF4B-00C04F79EFBC}") = "DCW.CreateOrUpdateTables", "DCW.CreateOrUpdateTables\DCW.CreateOrUpdateTables.csproj", "{E85580A3-DFEF-4D8D-A3DB-B18A58FEE09B}"
EndProject
Project("{FAE04EC0-301F-11D3-BF4B-00C04F79EFBC}") = "DCW.Services.Azure", "DCW.Services.Azure\DCW.Services.Azure.csproj", "{304A4B05-43FA-41C6-8D4A-BE61E1EC57E9}"
EndProject
Project("{FAE04EC0-301F-11D3-BF4B-00C04F79EFBC}") = "DCW.Interfaces", "DCW.Interfaces\DCW.Interfaces.csproj", "{ACAB1752-203D-46FF-8287-6F6B54672829}"
EndProject
Project("{FAE04EC0-301F-11D3-BF4B-00C04F79EFBC}") = "DCW.Api", "DCW.Api\DCW.Api.csproj", "{A70E84EE-2C95-4EBA-995A-A556F3B0FE02}"
EndProject
Project("{2150E333-8FDC-42A3-9474-1A3956D46DE8}") = "Web", "Web", "{ABB8B152-004C-4268-BDAF-3A2645157B3B}"
EndProject
Project("{2150E333-8FDC-42A3-9474-1A3956D46DE8}") = "Services", "Services", "{0D18B264-EBA7-46CD-BF7D-08B35ADD9E1D}"
EndProject
Project("{2150E333-8FDC-42A3-9474-1A3956D46DE8}") = "Generators", "Generators", "{6CA44CC5-6A90-4E5B-93E4-7A0E847CD28B}"
EndProject
Project("{2150E333-8FDC-42A3-9474-1A3956D46DE8}") = "Func", "Func", "{ECFC5ADA-C16C-467D-A1D3-22D00383FFE7}"
EndProject
Project("{FAE04EC0-301F-11D3-BF4B-00C04F79EFBC}") = "DCW.AuditEventFunc", "DCW.AuditEventFunc\DCW.AuditEventFunc.csproj", "{75654546-0C91-40FA-BC5D-014E09AF5265}"
EndProject
Project("{FAE04EC0-301F-11D3-BF4B-00C04F79EFBC}") = "DCW.DataCollectorApi", "DCW.DataCollectorApi\DCW.DataCollectorApi.csproj", "{23FC1C92-D96A-4EF8-93AA-9D8336633980}"
EndProject
Global
	GlobalSection(SolutionConfigurationPlatforms) = preSolution
		Debug|Any CPU = Debug|Any CPU
		Release|Any CPU = Release|Any CPU
	EndGlobalSection
	GlobalSection(ProjectConfigurationPlatforms) = postSolution
		{6B3DB796-5533-4644-91C8-1648C26AD197}.Debug|Any CPU.ActiveCfg = Debug|Any CPU
		{6B3DB796-5533-4644-91C8-1648C26AD197}.Debug|Any CPU.Build.0 = Debug|Any CPU
		{6B3DB796-5533-4644-91C8-1648C26AD197}.Release|Any CPU.ActiveCfg = Release|Any CPU
		{6B3DB796-5533-4644-91C8-1648C26AD197}.Release|Any CPU.Build.0 = Release|Any CPU
		{96E9342E-71B8-42DB-8756-9CEA06E836FC}.Debug|Any CPU.ActiveCfg = Debug|Any CPU
		{96E9342E-71B8-42DB-8756-9CEA06E836FC}.Debug|Any CPU.Build.0 = Debug|Any CPU
		{96E9342E-71B8-42DB-8756-9CEA06E836FC}.Release|Any CPU.ActiveCfg = Release|Any CPU
		{96E9342E-71B8-42DB-8756-9CEA06E836FC}.Release|Any CPU.Build.0 = Release|Any CPU
		{C65D4D5F-B5A3-4DF5-9FE3-13588865FC53}.Debug|Any CPU.ActiveCfg = Debug|Any CPU
		{C65D4D5F-B5A3-4DF5-9FE3-13588865FC53}.Debug|Any CPU.Build.0 = Debug|Any CPU
		{C65D4D5F-B5A3-4DF5-9FE3-13588865FC53}.Release|Any CPU.ActiveCfg = Release|Any CPU
		{C65D4D5F-B5A3-4DF5-9FE3-13588865FC53}.Release|Any CPU.Build.0 = Release|Any CPU
		{E85580A3-DFEF-4D8D-A3DB-B18A58FEE09B}.Debug|Any CPU.ActiveCfg = Debug|Any CPU
		{E85580A3-DFEF-4D8D-A3DB-B18A58FEE09B}.Debug|Any CPU.Build.0 = Debug|Any CPU
		{E85580A3-DFEF-4D8D-A3DB-B18A58FEE09B}.Release|Any CPU.ActiveCfg = Release|Any CPU
		{E85580A3-DFEF-4D8D-A3DB-B18A58FEE09B}.Release|Any CPU.Build.0 = Release|Any CPU
		{304A4B05-43FA-41C6-8D4A-BE61E1EC57E9}.Debug|Any CPU.ActiveCfg = Debug|Any CPU
		{304A4B05-43FA-41C6-8D4A-BE61E1EC57E9}.Debug|Any CPU.Build.0 = Debug|Any CPU
		{304A4B05-43FA-41C6-8D4A-BE61E1EC57E9}.Release|Any CPU.ActiveCfg = Release|Any CPU
		{304A4B05-43FA-41C6-8D4A-BE61E1EC57E9}.Release|Any CPU.Build.0 = Release|Any CPU
		{ACAB1752-203D-46FF-8287-6F6B54672829}.Debug|Any CPU.ActiveCfg = Debug|Any CPU
		{ACAB1752-203D-46FF-8287-6F6B54672829}.Debug|Any CPU.Build.0 = Debug|Any CPU
		{ACAB1752-203D-46FF-8287-6F6B54672829}.Release|Any CPU.ActiveCfg = Release|Any CPU
		{ACAB1752-203D-46FF-8287-6F6B54672829}.Release|Any CPU.Build.0 = Release|Any CPU
		{A70E84EE-2C95-4EBA-995A-A556F3B0FE02}.Debug|Any CPU.ActiveCfg = Debug|Any CPU
		{A70E84EE-2C95-4EBA-995A-A556F3B0FE02}.Debug|Any CPU.Build.0 = Debug|Any CPU
		{A70E84EE-2C95-4EBA-995A-A556F3B0FE02}.Release|Any CPU.ActiveCfg = Release|Any CPU
		{A70E84EE-2C95-4EBA-995A-A556F3B0FE02}.Release|Any CPU.Build.0 = Release|Any CPU
		{75654546-0C91-40FA-BC5D-014E09AF5265}.Debug|Any CPU.ActiveCfg = Debug|Any CPU
		{75654546-0C91-40FA-BC5D-014E09AF5265}.Debug|Any CPU.Build.0 = Debug|Any CPU
		{75654546-0C91-40FA-BC5D-014E09AF5265}.Release|Any CPU.ActiveCfg = Release|Any CPU
		{75654546-0C91-40FA-BC5D-014E09AF5265}.Release|Any CPU.Build.0 = Release|Any CPU
		{23FC1C92-D96A-4EF8-93AA-9D8336633980}.Debug|Any CPU.ActiveCfg = Debug|Any CPU
		{23FC1C92-D96A-4EF8-93AA-9D8336633980}.Debug|Any CPU.Build.0 = Debug|Any CPU
		{23FC1C92-D96A-4EF8-93AA-9D8336633980}.Release|Any CPU.ActiveCfg = Release|Any CPU
		{23FC1C92-D96A-4EF8-93AA-9D8336633980}.Release|Any CPU.Build.0 = Release|Any CPU
	EndGlobalSection
	GlobalSection(NestedProjects) = preSolution
		{A70E84EE-2C95-4EBA-995A-A556F3B0FE02} = {ABB8B152-004C-4268-BDAF-3A2645157B3B}
		{6B3DB796-5533-4644-91C8-1648C26AD197} = {ABB8B152-004C-4268-BDAF-3A2645157B3B}
		{E85580A3-DFEF-4D8D-A3DB-B18A58FEE09B} = {6CA44CC5-6A90-4E5B-93E4-7A0E847CD28B}
		{ACAB1752-203D-46FF-8287-6F6B54672829} = {0D18B264-EBA7-46CD-BF7D-08B35ADD9E1D}
		{C65D4D5F-B5A3-4DF5-9FE3-13588865FC53} = {0D18B264-EBA7-46CD-BF7D-08B35ADD9E1D}
		{304A4B05-43FA-41C6-8D4A-BE61E1EC57E9} = {0D18B264-EBA7-46CD-BF7D-08B35ADD9E1D}
		{96E9342E-71B8-42DB-8756-9CEA06E836FC} = {0D18B264-EBA7-46CD-BF7D-08B35ADD9E1D}
		{75654546-0C91-40FA-BC5D-014E09AF5265} = {ECFC5ADA-C16C-467D-A1D3-22D00383FFE7}
		{23FC1C92-D96A-4EF8-93AA-9D8336633980} = {6CA44CC5-6A90-4E5B-93E4-7A0E847CD28B}
	EndGlobalSection
EndGlobal
